{
  "requires": true,
  "lockfileVersion": 1,
  "dependencies": {
    "@progress/kendo-theme-default": {
      "version": "4.6.0",
      "resolved": "https://registry.npmjs.org/@progress/kendo-theme-default/-/kendo-theme-default-4.6.0.tgz",
      "integrity": "sha512-XfYPudB4tbEntevbnvNAXk4NRLbAI+CxSJj9qkC66KjivMmClnioyRPhJVWk97fWBYII0OL+95cFy0EjVBx7eQ=="
    }
  }
}
